# This file is automatically @generated by Poetry 1.8.4 and should not be changed by hand.

[[package]]
name = "asgiref"
version = "3.10.0"
description = "ASGI specs, helper code, and adapters"
optional = false
python-versions = ">=3.9"
files = [
    {file = "asgiref-3.10.0-py3-none-any.whl", hash = "sha256:aef8a81283a34d0ab31630c9b7dfe70c812c95eba78171367ca8745e88124734"},
    {file = "asgiref-3.10.0.tar.gz", hash = "sha256:d89f2d8cd8b56dada7d52fa7dc8075baa08fb836560710d38c292a7a3f78c04e"},
]

[package.extras]
tests = ["mypy (>=1.14.0)", "pytest", "pytest-asyncio"]

[[package]]
name = "channels"
version = "4.3.1"
description = "Brings async, event-driven capabilities to Django."
optional = false
python-versions = ">=3.9"
files = [
    {file = "channels-4.3.1-py3-none-any.whl", hash = "sha256:b091d4b26f91d807de3e84aead7ba785314f27eaf5bac31dd51b1c956b883859"},
    {file = "channels-4.3.1.tar.gz", hash = "sha256:97413ffd674542db08e16a9ef09cd86ec0113e5f8125fbd33cf0854adcf27cdb"},
]

[package.dependencies]
asgiref = ">=3.9.0,<4"
Django = ">=4.2"

[package.extras]
daphne = ["daphne (>=4.0.0)"]
tests = ["async-timeout", "coverage (>=4.5,<5.0)", "pytest", "pytest-asyncio", "pytest-django", "selenium"]

[[package]]
name = "click"
version = "8.3.0"
description = "Composable command line interface toolkit"
optional = false
python-versions = ">=3.10"
files = [
    {file = "click-8.3.0-py3-none-any.whl", hash = "sha256:9b9f285302c6e3064f4330c05f05b81945b2a39544279343e6e7c5f27a9baddc"},
    {file = "click-8.3.0.tar.gz", hash = "sha256:e7b8232224eba16f4ebe410c25ced9f7875cb5f3263ffc93cc3e8da705e229c4"},
]

[package.dependencies]
colorama = {version = "*", markers = "platform_system == \"Windows\""}

[[package]]
name = "colorama"
version = "0.4.6"
description = "Cross-platform colored terminal text."
optional = false
python-versions = "!=3.0.*,!=3.1.*,!=3.2.*,!=3.3.*,!=3.4.*,!=3.5.*,!=3.6.*,>=2.7"
files = [
    {file = "colorama-0.4.6-py2.py3-none-any.whl", hash = "sha256:4f1d9991f5acc0ca119f9d443620b77f9d6b33703e51011c16baf57afb285fc6"},
    {file = "colorama-0.4.6.tar.gz", hash = "sha256:08695f5cb7ed6e0531a20572697297273c47b8cae5a63ffc6d6ed5c201be6e44"},
]

[[package]]
name = "diff-match-patch"
version = "20241021"
description = "Repackaging of Google's Diff Match and Patch libraries."
optional = false
python-versions = ">=3.7"
files = [
    {file = "diff_match_patch-20241021-py3-none-any.whl", hash = "sha256:93cea333fb8b2bc0d181b0de5e16df50dd344ce64828226bda07728818936782"},
    {file = "diff_match_patch-20241021.tar.gz", hash = "sha256:beae57a99fa48084532935ee2968b8661db861862ec82c6f21f4acdd6d835073"},
]

[package.extras]
dev = ["attribution (==1.8.0)", "black (==24.8.0)", "build (>=1)", "flit (==3.9.0)", "mypy (==1.12.1)", "ufmt (==2.7.3)", "usort (==1.0.8.post1)"]

[[package]]
name = "django"
version = "5.2.8"
description = "A high-level Python web framework that encourages rapid development and clean, pragmatic design."
optional = false
python-versions = ">=3.10"
files = [
    {file = "django-5.2.8-py3-none-any.whl", hash = "sha256:37e687f7bd73ddf043e2b6b97cfe02fcbb11f2dbb3adccc6a2b18c6daa054d7f"},
    {file = "django-5.2.8.tar.gz", hash = "sha256:23254866a5bb9a2cfa6004e8b809ec6246eba4b58a7589bc2772f1bcc8456c7f"},
]

[package.dependencies]
asgiref = ">=3.8.1"
sqlparse = ">=0.3.1"
tzdata = {version = "*", markers = "sys_platform == \"win32\""}

[package.extras]
argon2 = ["argon2-cffi (>=19.1.0)"]
bcrypt = ["bcrypt"]

[[package]]
name = "django-cors-headers"
version = "4.9.0"
description = "django-cors-headers is a Django application for handling the server headers required for Cross-Origin Resource Sharing (CORS)."
optional = false
python-versions = ">=3.9"
files = [
    {file = "django_cors_headers-4.9.0-py3-none-any.whl", hash = "sha256:15c7f20727f90044dcee2216a9fd7303741a864865f0c3657e28b7056f61b449"},
    {file = "django_cors_headers-4.9.0.tar.gz", hash = "sha256:fe5d7cb59fdc2c8c646ce84b727ac2bca8912a247e6e68e1fb507372178e59e8"},
]

[package.dependencies]
asgiref = ">=3.6"
django = ">=4.2"

[[package]]
name = "django-import-export"
version = "4.3.14"
description = "Django application and library for importing and exporting data with included admin integration."
optional = false
python-versions = ">=3.9"
files = [
    {file = "django_import_export-4.3.14-py3-none-any.whl", hash = "sha256:ce6484fa082a1cdb2bf4e0b60276d3e2a7f39f74c20ae663b2f8eebb54141a58"},
    {file = "django_import_export-4.3.14.tar.gz", hash = "sha256:224c7d909fec607378bc58271db38b9c6065982306aa644d26a529fcde64869e"},
]

[package.dependencies]
diff-match-patch = "20241021"
Django = ">=4.2"
tablib = ">=3.7.0"

[package.extras]
all = ["tablib[all]"]
cli = ["tablib[cli]"]
docs = ["openpyxl (==3.1.5)", "psycopg[binary] (>=3.2.9)", "sphinx (==8.1.3)", "sphinx-rtd-theme (==3.0.1)"]
ods = ["tablib[ods]"]
pandas = ["tablib[pandas]"]
tests = ["chardet (==5.2.0)", "coverage (==7.6.4)", "django-extensions (==3.2.3)", "memory-profiler (==0.61.0)", "mysqlclient (==2.2.5)", "psycopg[binary] (>=3.2.9)", "pytz (==2024.2)", "setuptools-scm (==8.1.0)", "tablib[all] (>=3.7.0)"]
xls = ["tablib[xls]"]
xlsx = ["tablib[xlsx]"]
yaml = ["tablib[yaml]"]

[[package]]
name = "djangorestframework"
version = "3.16.1"
description = "Web APIs for Django, made easy."
optional = false
python-versions = ">=3.9"
files = [
    {file = "djangorestframework-3.16.1-py3-none-any.whl", hash = "sha256:33a59f47fb9c85ede792cbf88bde71893bcda0667bc573f784649521f1102cec"},
    {file = "djangorestframework-3.16.1.tar.gz", hash = "sha256:166809528b1aced0a17dc66c24492af18049f2c9420dbd0be29422029cfc3ff7"},
]

[package.dependencies]
django = ">=4.2"

[[package]]
name = "djangorestframework-simplejwt"
version = "5.5.1"
description = "A minimal JSON Web Token authentication plugin for Django REST Framework"
optional = false
python-versions = ">=3.9"
files = [
    {file = "djangorestframework_simplejwt-5.5.1-py3-none-any.whl", hash = "sha256:2c30f3707053d384e9f315d11c2daccfcb548d4faa453111ca19a542b732e469"},
    {file = "djangorestframework_simplejwt-5.5.1.tar.gz", hash = "sha256:e72c5572f51d7803021288e2057afcbd03f17fe11d484096f40a460abc76e87f"},
]

[package.dependencies]
django = ">=4.2"
djangorestframework = ">=3.14"
pyjwt = ">=1.7.1"

[package.extras]
crypto = ["cryptography (>=3.3.1)"]
dev = ["Sphinx", "cryptography", "freezegun", "ipython", "pre-commit", "pytest", "pytest-cov", "pytest-django", "pytest-watch", "pytest-xdist", "python-jose (==3.3.0)", "pyupgrade", "ruff", "sphinx_rtd_theme (>=0.1.9)", "tox", "twine", "wheel", "yesqa"]
doc = ["Sphinx", "sphinx_rtd_theme (>=0.1.9)"]
lint = ["pre-commit", "pyupgrade", "ruff", "yesqa"]
python-jose = ["python-jose (==3.3.0)"]
test = ["cryptography", "freezegun", "pytest", "pytest-cov", "pytest-django", "pytest-xdist", "tox"]

[[package]]
name = "h11"
version = "0.16.0"
description = "A pure-Python, bring-your-own-I/O implementation of HTTP/1.1"
optional = false
python-versions = ">=3.8"
files = [
    {file = "h11-0.16.0-py3-none-any.whl", hash = "sha256:63cf8bbe7522de3bf65932fda1d9c2772064ffb3dae62d55932da54b31cb6c86"},
    {file = "h11-0.16.0.tar.gz", hash = "sha256:4e35b956cf45792e4caa5885e69fba00bdbc6ffafbfa020300e549b208ee5ff1"},
]

[[package]]
name = "pyjwt"
version = "2.10.1"
description = "JSON Web Token implementation in Python"
optional = false
python-versions = ">=3.9"
files = [
    {file = "PyJWT-2.10.1-py3-none-any.whl", hash = "sha256:dcdd193e30abefd5debf142f9adfcdd2b58004e644f25406ffaebd50bd98dacb"},
    {file = "pyjwt-2.10.1.tar.gz", hash = "sha256:3cc5772eb20009233caf06e9d8a0577824723b44e6648ee0a2aedb6cf9381953"},
]

[package.extras]
crypto = ["cryptography (>=3.4.0)"]
dev = ["coverage[toml] (==5.0.4)", "cryptography (>=3.4.0)", "pre-commit", "pytest (>=6.0.0,<7.0.0)", "sphinx", "sphinx-rtd-theme", "zope.interface"]
docs = ["sphinx", "sphinx-rtd-theme", "zope.interface"]
tests = ["coverage[toml] (==5.0.4)", "pytest (>=6.0.0,<7.0.0)"]

[[package]]
name = "sqlparse"
version = "0.5.3"
description = "A non-validating SQL parser."
optional = false
python-versions = ">=3.8"
files = [
    {file = "sqlparse-0.5.3-py3-none-any.whl", hash = "sha256:cf2196ed3418f3ba5de6af7e82c694a9fbdbfecccdfc72e281548517081f16ca"},
    {file = "sqlparse-0.5.3.tar.gz", hash = "sha256:09f67787f56a0b16ecdbde1bfc7f5d9c3371ca683cfeaa8e6ff60b4807ec9272"},
]

[package.extras]
dev = ["build", "hatch"]
doc = ["sphinx"]

[[package]]
name = "tablib"
version = "3.9.0"
description = "Format agnostic tabular data library (XLS, JSON, YAML, CSV, etc.)"
optional = false
python-versions = ">=3.9"
files = [
    {file = "tablib-3.9.0-py3-none-any.whl", hash = "sha256:eda17cd0d4dda614efc0e710227654c60ddbeb1ca92cdcfc5c3bd1fc5f5a6e4a"},
    {file = "tablib-3.9.0.tar.gz", hash = "sha256:1b6abd8edb0f35601e04c6161d79660fdcde4abb4a54f66cc9f9054bd55d5fe2"},
]

[package.extras]
all = ["odfpy", "openpyxl (>=2.6.0)", "pandas", "pyyaml", "tabulate", "xlrd", "xlwt"]
cli = ["tabulate"]
ods = ["odfpy"]
pandas = ["pandas"]
xls = ["xlrd", "xlwt"]
xlsx = ["openpyxl (>=2.6.0)"]
yaml = ["pyyaml"]

[[package]]
name = "tzdata"
version = "2025.2"
description = "Provider of IANA time zone data"
optional = false
python-versions = ">=2"
files = [
    {file = "tzdata-2025.2-py2.py3-none-any.whl", hash = "sha256:1a403fada01ff9221ca8044d701868fa132215d84beb92242d9acd2147f667a8"},
    {file = "tzdata-2025.2.tar.gz", hash = "sha256:b60a638fcc0daffadf82fe0f57e53d06bdec2f36c4df66280ae79bce6bd6f2b9"},
]

[[package]]
name = "uvicorn"
version = "0.38.0"
description = "The lightning-fast ASGI server."
optional = false
python-versions = ">=3.9"
files = [
    {file = "uvicorn-0.38.0-py3-none-any.whl", hash = "sha256:48c0afd214ceb59340075b4a052ea1ee91c16fbc2a9b1469cca0e54566977b02"},
    {file = "uvicorn-0.38.0.tar.gz", hash = "sha256:fd97093bdd120a2609fc0d3afe931d4d4ad688b6e75f0f929fde1bc36fe0e91d"},
]

[package.dependencies]
click = ">=7.0"
h11 = ">=0.8"

[package.extras]
standard = ["colorama (>=0.4)", "httptools (>=0.6.3)", "python-dotenv (>=0.13)", "pyyaml (>=5.1)", "uvloop (>=0.15.1)", "watchfiles (>=0.13)", "websockets (>=10.4)"]

[[package]]
name = "uvloop"
version = "0.22.1"
description = "Fast implementation of asyncio event loop on top of libuv"
optional = false
python-versions = ">=3.8.1"
files = [
    {file = "uvloop-0.22.1-cp310-cp310-macosx_10_9_universal2.whl", hash = "sha256:ef6f0d4cc8a9fa1f6a910230cd53545d9a14479311e87e3cb225495952eb672c"},
    {file = "uvloop-0.22.1-cp310-cp310-macosx_10_9_x86_64.whl", hash = "sha256:7cd375a12b71d33d46af85a3343b35d98e8116134ba404bd657b3b1d15988792"},
    {file = "uvloop-0.22.1-cp310-cp310-manylinux2014_aarch64.manylinux_2_17_aarch64.manylinux_2_28_aarch64.whl", hash = "sha256:ac33ed96229b7790eb729702751c0e93ac5bc3bcf52ae9eccbff30da09194b86"},
    {file = "uvloop-0.22.1-cp310-cp310-manylinux2014_x86_64.manylinux_2_17_x86_64.manylinux_2_28_x86_64.whl", hash = "sha256:481c990a7abe2c6f4fc3d98781cc9426ebd7f03a9aaa7eb03d3bfc68ac2a46bd"},
    {file = "uvloop-0.22.1-cp310-cp310-musllinux_1_2_aarch64.whl", hash = "sha256:a592b043a47ad17911add5fbd087c76716d7c9ccc1d64ec9249ceafd735f03c2"},
    {file = "uvloop-0.22.1-cp310-cp310-musllinux_1_2_x86_64.whl", hash = "sha256:1489cf791aa7b6e8c8be1c5a080bae3a672791fcb4e9e12249b05862a2ca9cec"},
    {file = "uvloop-0.22.1-cp311-cp311-macosx_10_9_universal2.whl", hash = "sha256:c60ebcd36f7b240b30788554b6f0782454826a0ed765d8430652621b5de674b9"},
    {file = "uvloop-0.22.1-cp311-cp311-macosx_10_9_x86_64.whl", hash = "sha256:3b7f102bf3cb1995cfeaee9321105e8f5da76fdb104cdad8986f85461a1b7b77"},
    {file = "uvloop-0.22.1-cp311-cp311-manylinux2014_aarch64.manylinux_2_17_aarch64.manylinux_2_28_aarch64.whl", hash = "sha256:53c85520781d84a4b8b230e24a5af5b0778efdb39142b424990ff1ef7c48ba21"},
    {file = "uvloop-0.22.1-cp311-cp311-manylinux2014_x86_64.manylinux_2_17_x86_64.manylinux_2_28_x86_64.whl", hash = "sha256:56a2d1fae65fd82197cb8c53c367310b3eabe1bbb9fb5a04d28e3e3520e4f702"},
    {file = "uvloop-0.22.1-cp311-cp311-musllinux_1_2_aarch64.whl", hash = "sha256:40631b049d5972c6755b06d0bfe8233b1bd9a8a6392d9d1c45c10b6f9e9b2733"},
    {file = "uvloop-0.22.1-cp311-cp311-musllinux_1_2_x86_64.whl", hash = "sha256:535cc37b3a04f6cd2c1ef65fa1d370c9a35b6695df735fcff5427323f2cd5473"},
    {file = "uvloop-0.22.1-cp312-cp312-macosx_10_13_universal2.whl", hash = "sha256:fe94b4564e865d968414598eea1a6de60adba0c040ba4ed05ac1300de402cd42"},
    {file = "uvloop-0.22.1-cp312-cp312-macosx_10_13_x86_64.whl", hash = "sha256:51eb9bd88391483410daad430813d982010f9c9c89512321f5b60e2cddbdddd6"},
    {file = "uvloop-0.22.1-cp312-cp312-manylinux2014_aarch64.manylinux_2_17_aarch64.manylinux_2_28_aarch64.whl", hash = "sha256:700e674a166ca5778255e0e1dc4e9d79ab2acc57b9171b79e65feba7184b3370"},
    {file = "uvloop-0.22.1-cp312-cp312-manylinux2014_x86_64.manylinux_2_17_x86_64.manylinux_2_28_x86_64.whl", hash = "sha256:7b5b1ac819a3f946d3b2ee07f09149578ae76066d70b44df3fa990add49a82e4"},
    {file = "uvloop-0.22.1-cp312-cp312-musllinux_1_2_aarch64.whl", hash = "sha256:e047cc068570bac9866237739607d1313b9253c3051ad84738cbb095be0537b2"},
    {file = "uvloop-0.22.1-cp312-cp312-musllinux_1_2_x86_64.whl", hash = "sha256:512fec6815e2dd45161054592441ef76c830eddaad55c8aa30952e6fe1ed07c0"},
    {file = "uvloop-0.22.1-cp313-cp313-macosx_10_13_universal2.whl", hash = "sha256:561577354eb94200d75aca23fbde86ee11be36b00e52a4eaf8f50fb0c86b7705"},
    {file = "uvloop-0.22.1-cp313-cp313-macosx_10_13_x86_64.whl", hash = "sha256:1cdf5192ab3e674ca26da2eada35b288d2fa49fdd0f357a19f0e7c4e7d5077c8"},
    {file = "uvloop-0.22.1-cp313-cp313-manylinux2014_aarch64.manylinux_2_17_aarch64.manylinux_2_28_aarch64.whl", hash = "sha256:6e2ea3d6190a2968f4a14a23019d3b16870dd2190cd69c8180f7c632d21de68d"},
    {file = "uvloop-0.22.1-cp313-cp313-manylinux2014_x86_64.manylinux_2_17_x86_64.manylinux_2_28_x86_64.whl", hash = "sha256:0530a5fbad9c9e4ee3f2b33b148c6a64d47bbad8000ea63704fa8260f4cf728e"},
    {file = "uvloop-0.22.1-cp313-cp313-musllinux_1_2_aarch64.whl", hash = "sha256:bc5ef13bbc10b5335792360623cc378d52d7e62c2de64660616478c32cd0598e"},
    {file = "uvloop-0.22.1-cp313-cp313-musllinux_1_2_x86_64.whl", hash = "sha256:1f38ec5e3f18c8a10ded09742f7fb8de0108796eb673f30ce7762ce1b8550cad"},
    {file = "uvloop-0.22.1-cp314-cp314-macosx_10_13_universal2.whl", hash = "sha256:3879b88423ec7e97cd4eba2a443aa26ed4e59b45e6b76aabf13fe2f27023a142"},
    {file = "uvloop-0.22.1-cp314-cp314-macosx_10_13_x86_64.whl", hash = "sha256:4baa86acedf1d62115c1dc6ad1e17134476688f08c6efd8a2ab076e815665c74"},
    {file = "uvloop-0.22.1-cp314-cp314-manylinux2014_aarch64.manylinux_2_17_aarch64.manylinux_2_28_aarch64.whl", hash = "sha256:297c27d8003520596236bdb2335e6b3f649480bd09e00d1e3a99144b691d2a35"},
    {file = "uvloop-0.22.1-cp314-cp314-manylinux2014_x86_64.manylinux_2_17_x86_64.manylinux_2_28_x86_64.whl", hash = "sha256:c1955d5a1dd43198244d47664a5858082a3239766a839b2102a269aaff7a4e25"},
    {file = "uvloop-0.22.1-cp314-cp314-musllinux_1_2_aarch64.whl", hash = "sha256:b31dc2fccbd42adc73bc4e7cdbae4fc5086cf378979e53ca5d0301838c5682c6"},
    {file = "uvloop-0.22.1-cp314-cp314-musllinux_1_2_x86_64.whl", hash = "sha256:93f617675b2d03af4e72a5333ef89450dfaa5321303ede6e67ba9c9d26878079"},
    {file = "uvloop-0.22.1-cp314-cp314t-macosx_10_13_universal2.whl", hash = "sha256:37554f70528f60cad66945b885eb01f1bb514f132d92b6eeed1c90fd54ed6289"},
    {file = "uvloop-0.22.1-cp314-cp314t-macosx_10_13_x86_64.whl", hash = "sha256:b76324e2dc033a0b2f435f33eb88ff9913c156ef78e153fb210e03c13da746b3"},
    {file = "uvloop-0.22.1-cp314-cp314t-manylinux2014_aarch64.manylinux_2_17_aarch64.manylinux_2_28_aarch64.whl", hash = "sha256:badb4d8e58ee08dad957002027830d5c3b06aea446a6a3744483c2b3b745345c"},
    {file = "uvloop-0.22.1-cp314-cp314t-manylinux2014_x86_64.manylinux_2_17_x86_64.manylinux_2_28_x86_64.whl", hash = "sha256:b91328c72635f6f9e0282e4a57da7470c7350ab1c9f48546c0f2866205349d21"},
    {file = "uvloop-0.22.1-cp314-cp314t-musllinux_1_2_aarch64.whl", hash = "sha256:daf620c2995d193449393d6c62131b3fbd40a63bf7b307a1527856ace637fe88"},
    {file = "uvloop-0.22.1-cp314-cp314t-musllinux_1_2_x86_64.whl", hash = "sha256:6cde23eeda1a25c75b2e07d39970f3374105d5eafbaab2a4482be82f272d5a5e"},
    {file = "uvloop-0.22.1-cp38-cp38-macosx_10_9_universal2.whl", hash = "sha256:80eee091fe128e425177fbd82f8635769e2f32ec9daf6468286ec57ec0313efa"},
    {file = "uvloop-0.22.1-cp38-cp38-macosx_10_9_x86_64.whl", hash = "sha256:017bd46f9e7b78e81606329d07141d3da446f8798c6baeec124260e22c262772"},
    {file = "uvloop-0.22.1-cp38-cp38-manylinux2014_aarch64.manylinux_2_17_aarch64.manylinux_2_28_aarch64.whl", hash = "sha256:c3e5c6727a57cb6558592a95019e504f605d1c54eb86463ee9f7a2dbd411c820"},
    {file = "uvloop-0.22.1-cp38-cp38-manylinux2014_x86_64.manylinux_2_17_x86_64.manylinux_2_28_x86_64.whl", hash = "sha256:57df59d8b48feb0e613d9b1f5e57b7532e97cbaf0d61f7aa9aa32221e84bc4b6"},
    {file = "uvloop-0.22.1-cp38-cp38-musllinux_1_2_aarch64.whl", hash = "sha256:55502bc2c653ed2e9692e8c55cb95b397d33f9f2911e929dc97c4d6b26d04242"},
    {file = "uvloop-0.22.1-cp38-cp38-musllinux_1_2_x86_64.whl", hash = "sha256:4a968a72422a097b09042d5fa2c5c590251ad484acf910a651b4b620acd7f193"},
    {file = "uvloop-0.22.1-cp39-cp39-macosx_10_9_universal2.whl", hash = "sha256:b45649628d816c030dba3c80f8e2689bab1c89518ed10d426036cdc47874dfc4"},
    {file = "uvloop-0.22.1-cp39-cp39-macosx_10_9_x86_64.whl", hash = "sha256:ea721dd3203b809039fcc2983f14608dae82b212288b346e0bfe46ec2fab0b7c"},
    {file = "uvloop-0.22.1-cp39-cp39-manylinux2014_aarch64.manylinux_2_17_aarch64.manylinux_2_28_aarch64.whl", hash = "sha256:0ae676de143db2b2f60a9696d7eca5bb9d0dd6cc3ac3dad59a8ae7e95f9e1b54"},
    {file = "uvloop-0.22.1-cp39-cp39-manylinux2014_x86_64.manylinux_2_17_x86_64.manylinux_2_28_x86_64.whl", hash = "sha256:17d4e97258b0172dfa107b89aa1eeba3016f4b1974ce85ca3ef6a66b35cbf659"},
    {file = "uvloop-0.22.1-cp39-cp39-musllinux_1_2_aarch64.whl", hash = "sha256:05e4b5f86e621cf3927631789999e697e58f0d2d32675b67d9ca9eb0bca55743"},
    {file = "uvloop-0.22.1-cp39-cp39-musllinux_1_2_x86_64.whl", hash = "sha256:286322a90bea1f9422a470d5d2ad82d38080be0a29c4dd9b3e6384320a4d11e7"},
    {file = "uvloop-0.22.1.tar.gz", hash = "sha256:6c84bae345b9147082b17371e3dd5d42775bddce91f885499017f4607fdaf39f"},
]

[package.extras]
dev = ["Cython (>=3.0,<4.0)", "setuptools (>=60)"]
docs = ["Sphinx (>=4.1.2,<4.2.0)", "sphinx_rtd_theme (>=0.5.2,<0.6.0)", "sphinxcontrib-asyncio (>=0.3.0,<0.4.0)"]
test = ["aiohttp (>=3.10.5)", "flake8 (>=6.1,<7.0)", "mypy (>=0.800)", "psutil", "pyOpenSSL (>=25.3.0,<25.4.0)", "pycodestyle (>=2.11.0,<2.12.0)"]

[[package]]
name = "wsproto"
version = "1.3.1"
description = "Pure-Python WebSocket protocol implementation"
optional = false
python-versions = ">=3.10"
files = [
    {file = "wsproto-1.3.1-py3-none-any.whl", hash = "sha256:297ce79322989c0d286cc158681641cd18bc7632dfb38cf4054696a89179b993"},
    {file = "wsproto-1.3.1.tar.gz", hash = "sha256:81529992325c28f0d9b86ca66fc973da96eb80ab53410249ce2e502749c7723c"},
]

[package.dependencies]
h11 = ">=0.16.0,<1"

[metadata]
lock-version = "2.0"
python-versions = "^3.13"
content-hash = "21758006ad88ca32cc4da4579e6bc79432c4a08abd8c228ecb04d18243ad80bb"
